// !$*UTF8*$!
{
	archiveVersion = 1;
	classes = {
	};
	objectVersion = 56;
	objects = {

/* Begin PBXBuildFile section */
		480270E62A5E1F830013319D /* FinancesApp.swift in Sources */ = {isa = PBXBuildFile; fileRef = 480270E52A5E1F830013319D /* FinancesApp.swift */; };
		480270E82A5E1F830013319D /* ContentView.swift in Sources */ = {isa = PBXBuildFile; fileRef = 480270E72A5E1F830013319D /* ContentView.swift */; };
		480270EA2A5E1F860013319D /* Assets.xcassets in Resources */ = {isa = PBXBuildFile; fileRef = 480270E92A5E1F860013319D /* Assets.xcassets */; };
		480270ED2A5E1F860013319D /* Preview Assets.xcassets in Resources */ = {isa = PBXBuildFile; fileRef = 480270EC2A5E1F860013319D /* Preview Assets.xcassets */; };
		480270F72A5E1F870013319D /* FinancesTests.swift in Sources */ = {isa = PBXBuildFile; fileRef = 480270F62A5E1F870013319D /* FinancesTests.swift */; };
		480271012A5E1F870013319D /* FinancesUITests.swift in Sources */ = {isa = PBXBuildFile; fileRef = 480271002A5E1F870013319D /* FinancesUITests.swift */; };
		480271032A5E1F870013319D /* FinancesUITestsLaunchTests.swift in Sources */ = {isa = PBXBuildFile; fileRef = 480271022A5E1F870013319D /* FinancesUITestsLaunchTests.swift */; };
		480271102A5E2AA20013319D /* BalanceChange.swift in Sources */ = {isa = PBXBuildFile; fileRef = 4802710F2A5E2AA20013319D /* BalanceChange.swift */; };
		482C19472A90047C00AAA608 /* MonthlyReportView.swift in Sources */ = {isa = PBXBuildFile; fileRef = 482C19462A90047C00AAA608 /* MonthlyReportView.swift */; };
		482C19492A90048D00AAA608 /* MonthlyReportDetailView.swift in Sources */ = {isa = PBXBuildFile; fileRef = 482C19482A90048D00AAA608 /* MonthlyReportDetailView.swift */; };
		488BEF622A5F72550044B662 /* ExpenseFormView.swift in Sources */ = {isa = PBXBuildFile; fileRef = 488BEF612A5F72550044B662 /* ExpenseFormView.swift */; };
		488BEF642A5F72620044B662 /* GainFormView.swift in Sources */ = {isa = PBXBuildFile; fileRef = 488BEF632A5F72620044B662 /* GainFormView.swift */; };
		488BEF662A5F9B100044B662 /* MainMenuView.swift in Sources */ = {isa = PBXBuildFile; fileRef = 488BEF652A5F9B100044B662 /* MainMenuView.swift */; };
		488BEF6A2A5FAB450044B662 /* Model.xcdatamodeld in Sources */ = {isa = PBXBuildFile; fileRef = 488BEF682A5FAB450044B662 /* Model.xcdatamodeld */; };
		488BEF712A5FB5690044B662 /* DataController.swift in Sources */ = {isa = PBXBuildFile; fileRef = 488BEF702A5FB5690044B662 /* DataController.swift */; };
/* End PBXBuildFile section */

/* Begin PBXContainerItemProxy section */
		480270F32A5E1F870013319D /* PBXContainerItemProxy */ = {
			isa = PBXContainerItemProxy;
			containerPortal = 480270DA2A5E1F830013319D /* Project object */;
			proxyType = 1;
			remoteGlobalIDString = 480270E12A5E1F830013319D;
			remoteInfo = Finances;
		};
		480270FD2A5E1F870013319D /* PBXContainerItemProxy */ = {
			isa = PBXContainerItemProxy;
			containerPortal = 480270DA2A5E1F830013319D /* Project object */;
			proxyType = 1;
			remoteGlobalIDString = 480270E12A5E1F830013319D;
			remoteInfo = Finances;
		};
/* End PBXContainerItemProxy section */

/* Begin PBXFileReference section */
		480270E22A5E1F830013319D /* Finances.app */ = {isa = PBXFileReference; explicitFileType = wrapper.application; includeInIndex = 0; path = Finances.app; sourceTree = BUILT_PRODUCTS_DIR; };
		480270E52A5E1F830013319D /* FinancesApp.swift */ = {isa = PBXFileReference; lastKnownFileType = sourcecode.swift; path = FinancesApp.swift; sourceTree = "<group>"; };
		480270E72A5E1F830013319D /* ContentView.swift */ = {isa = PBXFileReference; lastKnownFileType = sourcecode.swift; path = ContentView.swift; sourceTree = "<group>"; };
		480270E92A5E1F860013319D /* Assets.xcassets */ = {isa = PBXFileReference; lastKnownFileType = folder.assetcatalog; path = Assets.xcassets; sourceTree = "<group>"; };
		480270EC2A5E1F860013319D /* Preview Assets.xcassets */ = {isa = PBXFileReference; lastKnownFileType = folder.assetcatalog; path = "Preview Assets.xcassets"; sourceTree = "<group>"; };
		480270F22A5E1F870013319D /* FinancesTests.xctest */ = {isa = PBXFileReference; explicitFileType = wrapper.cfbundle; includeInIndex = 0; path = FinancesTests.xctest; sourceTree = BUILT_PRODUCTS_DIR; };
		480270F62A5E1F870013319D /* FinancesTests.swift */ = {isa = PBXFileReference; lastKnownFileType = sourcecode.swift; path = FinancesTests.swift; sourceTree = "<group>"; };
		480270FC2A5E1F870013319D /* FinancesUITests.xctest */ = {isa = PBXFileReference; explicitFileType = wrapper.cfbundle; includeInIndex = 0; path = FinancesUITests.xctest; sourceTree = BUILT_PRODUCTS_DIR; };
		480271002A5E1F870013319D /* FinancesUITests.swift */ = {isa = PBXFileReference; lastKnownFileType = sourcecode.swift; path = FinancesUITests.swift; sourceTree = "<group>"; };
		480271022A5E1F870013319D /* FinancesUITestsLaunchTests.swift */ = {isa = PBXFileReference; lastKnownFileType = sourcecode.swift; path = FinancesUITestsLaunchTests.swift; sourceTree = "<group>"; };
		4802710F2A5E2AA20013319D /* BalanceChange.swift */ = {isa = PBXFileReference; lastKnownFileType = sourcecode.swift; path = BalanceChange.swift; sourceTree = "<group>"; };
		482C19462A90047C00AAA608 /* MonthlyReportView.swift */ = {isa = PBXFileReference; lastKnownFileType = sourcecode.swift; path = MonthlyReportView.swift; sourceTree = "<group>"; };
		482C19482A90048D00AAA608 /* MonthlyReportDetailView.swift */ = {isa = PBXFileReference; lastKnownFileType = sourcecode.swift; path = MonthlyReportDetailView.swift; sourceTree = "<group>"; };
		488BEF612A5F72550044B662 /* ExpenseFormView.swift */ = {isa = PBXFileReference; lastKnownFileType = sourcecode.swift; path = ExpenseFormView.swift; sourceTree = "<group>"; };
		488BEF632A5F72620044B662 /* GainFormView.swift */ = {isa = PBXFileReference; lastKnownFileType = sourcecode.swift; path = GainFormView.swift; sourceTree = "<group>"; };
		488BEF652A5F9B100044B662 /* MainMenuView.swift */ = {isa = PBXFileReference; lastKnownFileType = sourcecode.swift; path = MainMenuView.swift; sourceTree = "<group>"; };
		488BEF692A5FAB450044B662 /* Model.xcdatamodel */ = {isa = PBXFileReference; lastKnownFileType = wrapper.xcdatamodel; path = Model.xcdatamodel; sourceTree = "<group>"; };
		488BEF702A5FB5690044B662 /* DataController.swift */ = {isa = PBXFileReference; lastKnownFileType = sourcecode.swift; path = DataController.swift; sourceTree = "<group>"; };
/* End PBXFileReference section */

/* Begin PBXFrameworksBuildPhase section */
		480270DF2A5E1F830013319D /* Frameworks */ = {
			isa = PBXFrameworksBuildPhase;
			buildActionMask = 2147483647;
			files = (
			);
			runOnlyForDeploymentPostprocessing = 0;
		};
		480270EF2A5E1F870013319D /* Frameworks */ = {
			isa = PBXFrameworksBuildPhase;
			buildActionMask = 2147483647;
			files = (
			);
			runOnlyForDeploymentPostprocessing = 0;
		};
		480270F92A5E1F870013319D /* Frameworks */ = {
			isa = PBXFrameworksBuildPhase;
			buildActionMask = 2147483647;
			files = (
			);
			runOnlyForDeploymentPostprocessing = 0;
		};
/* End PBXFrameworksBuildPhase section */

/* Begin PBXGroup section */
		480270D92A5E1F830013319D = {
			isa = PBXGroup;
			children = (
				480270E42A5E1F830013319D /* Finances */,
				480270F52A5E1F870013319D /* FinancesTests */,
				480270FF2A5E1F870013319D /* FinancesUITests */,
				480270E32A5E1F830013319D /* Products */,
			);
			sourceTree = "<group>";
		};
		480270E32A5E1F830013319D /* Products */ = {
			isa = PBXGroup;
			children = (
				480270E22A5E1F830013319D /* Finances.app */,
				480270F22A5E1F870013319D /* FinancesTests.xctest */,
				480270FC2A5E1F870013319D /* FinancesUITests.xctest */,
			);
			name = Products;
			sourceTree = "<group>";
		};
		480270E42A5E1F830013319D /* Finances */ = {
			isa = PBXGroup;
			children = (
				488BEF672A5FAB290044B662 /* Models */,
				488BEF602A5F721D0044B662 /* Views */,
				480270E72A5E1F830013319D /* ContentView.swift */,
				480270E52A5E1F830013319D /* FinancesApp.swift */,
				480270E92A5E1F860013319D /* Assets.xcassets */,
				480270EB2A5E1F860013319D /* Preview Content */,
			);
			path = Finances;
			sourceTree = "<group>";
		};
		480270EB2A5E1F860013319D /* Preview Content */ = {
			isa = PBXGroup;
			children = (
				480270EC2A5E1F860013319D /* Preview Assets.xcassets */,
			);
			path = "Preview Content";
			sourceTree = "<group>";
		};
		480270F52A5E1F870013319D /* FinancesTests */ = {
			isa = PBXGroup;
			children = (
				480270F62A5E1F870013319D /* FinancesTests.swift */,
			);
			path = FinancesTests;
			sourceTree = "<group>";
		};
		480270FF2A5E1F870013319D /* FinancesUITests */ = {
			isa = PBXGroup;
			children = (
				480271002A5E1F870013319D /* FinancesUITests.swift */,
				480271022A5E1F870013319D /* FinancesUITestsLaunchTests.swift */,
			);
			path = FinancesUITests;
			sourceTree = "<group>";
		};
		488BEF602A5F721D0044B662 /* Views */ = {
			isa = PBXGroup;
			children = (
				488BEF612A5F72550044B662 /* ExpenseFormView.swift */,
				488BEF632A5F72620044B662 /* GainFormView.swift */,
				488BEF652A5F9B100044B662 /* MainMenuView.swift */,
				482C19462A90047C00AAA608 /* MonthlyReportView.swift */,
				482C19482A90048D00AAA608 /* MonthlyReportDetailView.swift */,
			);
			path = Views;
			sourceTree = "<group>";
		};
		488BEF672A5FAB290044B662 /* Models */ = {
			isa = PBXGroup;
			children = (
				4802710F2A5E2AA20013319D /* BalanceChange.swift */,
				488BEF682A5FAB450044B662 /* Model.xcdatamodeld */,
				488BEF702A5FB5690044B662 /* DataController.swift */,
			);
			path = Models;
			sourceTree = "<group>";
		};
/* End PBXGroup section */

/* Begin PBXNativeTarget section */
		480270E12A5E1F830013319D /* Finances */ = {
			isa = PBXNativeTarget;
			buildConfigurationList = 480271062A5E1F870013319D /* Build configuration list for PBXNativeTarget "Finances" */;
			buildPhases = (
				480270DE2A5E1F830013319D /* Sources */,
				480270DF2A5E1F830013319D /* Frameworks */,
				480270E02A5E1F830013319D /* Resources */,
			);
			buildRules = (
			);
			dependencies = (
			);
			name = Finances;
			productName = Finances;
			productReference = 480270E22A5E1F830013319D /* Finances.app */;
			productType = "com.apple.product-type.application";
		};
		480270F12A5E1F870013319D /* FinancesTests */ = {
			isa = PBXNativeTarget;
			buildConfigurationList = 480271092A5E1F870013319D /* Build configuration list for PBXNativeTarget "FinancesTests" */;
			buildPhases = (
				480270EE2A5E1F870013319D /* Sources */,
				480270EF2A5E1F870013319D /* Frameworks */,
				480270F02A5E1F870013319D /* Resources */,
			);
			buildRules = (
			);
			dependencies = (
				480270F42A5E1F870013319D /* PBXTargetDependency */,
			);
			name = FinancesTests;
			productName = FinancesTests;
			productReference = 480270F22A5E1F870013319D /* FinancesTests.xctest */;
			productType = "com.apple.product-type.bundle.unit-test";
		};
		480270FB2A5E1F870013319D /* FinancesUITests */ = {
			isa = PBXNativeTarget;
			buildConfigurationList = 4802710C2A5E1F870013319D /* Build configuration list for PBXNativeTarget "FinancesUITests" */;
			buildPhases = (
				480270F82A5E1F870013319D /* Sources */,
				480270F92A5E1F870013319D /* Frameworks */,
				480270FA2A5E1F870013319D /* Resources */,
			);
			buildRules = (
			);
			dependencies = (
				480270FE2A5E1F870013319D /* PBXTargetDependency */,
			);
			name = FinancesUITests;
			productName = FinancesUITests;
			productReference = 480270FC2A5E1F870013319D /* FinancesUITests.xctest */;
			productType = "com.apple.product-type.bundle.ui-testing";
		};
/* End PBXNativeTarget section */

/* Begin PBXProject section */
		480270DA2A5E1F830013319D /* Project object */ = {
			isa = PBXProject;
			attributes = {
				BuildIndependentTargetsInParallel = 1;
				LastSwiftUpdateCheck = 1430;
				LastUpgradeCheck = 1430;
				TargetAttributes = {
					480270E12A5E1F830013319D = {
						CreatedOnToolsVersion = 14.3.1;
					};
					480270F12A5E1F870013319D = {
						CreatedOnToolsVersion = 14.3.1;
						TestTargetID = 480270E12A5E1F830013319D;
					};
					480270FB2A5E1F870013319D = {
						CreatedOnToolsVersion = 14.3.1;
						TestTargetID = 480270E12A5E1F830013319D;
					};
				};
			};
			buildConfigurationList = 480270DD2A5E1F830013319D /* Build configuration list for PBXProject "Finances" */;
			compatibilityVersion = "Xcode 14.0";
			developmentRegion = en;
			hasScannedForEncodings = 0;
			knownRegions = (
				en,
				Base,
			);
			mainGroup = 480270D92A5E1F830013319D;
			productRefGroup = 480270E32A5E1F830013319D /* Products */;
			projectDirPath = "";
			projectRoot = "";
			targets = (
				480270E12A5E1F830013319D /* Finances */,
				480270F12A5E1F870013319D /* FinancesTests */,
				480270FB2A5E1F870013319D /* FinancesUITests */,
			);
		};
/* End PBXProject section */

/* Begin PBXResourcesBuildPhase section */
		480270E02A5E1F830013319D /* Resources */ = {
			isa = PBXResourcesBuildPhase;
			buildActionMask = 2147483647;
			files = (
				480270ED2A5E1F860013319D /* Preview Assets.xcassets in Resources */,
				480270EA2A5E1F860013319D /* Assets.xcassets in Resources */,
			);
			runOnlyForDeploymentPostprocessing = 0;
		};
		480270F02A5E1F870013319D /* Resources */ = {
			isa = PBXResourcesBuildPhase;
			buildActionMask = 2147483647;
			files = (
			);
			runOnlyForDeploymentPostprocessing = 0;
		};
		480270FA2A5E1F870013319D /* Resources */ = {
			isa = PBXResourcesBuildPhase;
			buildActionMask = 2147483647;
			files = (
			);
			runOnlyForDeploymentPostprocessing = 0;
		};
/* End PBXResourcesBuildPhase section */

/* Begin PBXSourcesBuildPhase section */
		480270DE2A5E1F830013319D /* Sources */ = {
			isa = PBXSourcesBuildPhase;
			buildActionMask = 2147483647;
			files = (
				488BEF662A5F9B100044B662 /* MainMenuView.swift in Sources */,
				480270E82A5E1F830013319D /* ContentView.swift in Sources */,
				480271102A5E2AA20013319D /* BalanceChange.swift in Sources */,
				488BEF6A2A5FAB450044B662 /* Model.xcdatamodeld in Sources */,
				488BEF642A5F72620044B662 /* GainFormView.swift in Sources */,
				488BEF712A5FB5690044B662 /* DataController.swift in Sources */,
				480270E62A5E1F830013319D /* FinancesApp.swift in Sources */,
				488BEF622A5F72550044B662 /* ExpenseFormView.swift in Sources */,
				482C19472A90047C00AAA608 /* MonthlyReportView.swift in Sources */,
				482C19492A90048D00AAA608 /* MonthlyReportDetailView.swift in Sources */,
			);
			runOnlyForDeploymentPostprocessing = 0;
		};
		480270EE2A5E1F870013319D /* Sources */ = {
			isa = PBXSourcesBuildPhase;
			buildActionMask = 2147483647;
			files = (
				480270F72A5E1F870013319D /* FinancesTests.swift in Sources */,
			);
			runOnlyForDeploymentPostprocessing = 0;
		};
		480270F82A5E1F870013319D /* Sources */ = {
			isa = PBXSourcesBuildPhase;
			buildActionMask = 2147483647;
			files = (
				480271032A5E1F870013319D /* FinancesUITestsLaunchTests.swift in Sources */,
				480271012A5E1F870013319D /* FinancesUITests.swift in Sources */,
			);
			runOnlyForDeploymentPostprocessing = 0;
		};
/* End PBXSourcesBuildPhase section */

/* Begin PBXTargetDependency section */
		480270F42A5E1F870013319D /* PBXTargetDependency */ = {
			isa = PBXTargetDependency;
			target = 480270E12A5E1F830013319D /* Finances */;
			targetProxy = 480270F32A5E1F870013319D /* PBXContainerItemProxy */;
		};
		480270FE2A5E1F870013319D /* PBXTargetDependency */ = {
			isa = PBXTargetDependency;
			target = 480270E12A5E1F830013319D /* Finances */;
			targetProxy = 480270FD2A5E1F870013319D /* PBXContainerItemProxy */;
		};
/* End PBXTargetDependency section */

/* Begin XCBuildConfiguration section */
		480271042A5E1F870013319D /* Debug */ = {
			isa = XCBuildConfiguration;
			buildSettings = {
				ALWAYS_SEARCH_USER_PATHS = NO;
				CLANG_ANALYZER_NONNULL = YES;
				CLANG_ANALYZER_NUMBER_OBJECT_CONVERSION = YES_AGGRESSIVE;
				CLANG_CXX_LANGUAGE_STANDARD = "gnu++20";
				CLANG_ENABLE_MODULES = YES;
				CLANG_ENABLE_OBJC_ARC = YES;
				CLANG_ENABLE_OBJC_WEAK = YES;
				CLANG_WARN_BLOCK_CAPTURE_AUTORELEASING = YES;
				CLANG_WARN_BOOL_CONVERSION = YES;
				CLANG_WARN_COMMA = YES;
				CLANG_WARN_CONSTANT_CONVERSION = YES;
				CLANG_WARN_DEPRECATED_OBJC_IMPLEMENTATIONS = YES;
				CLANG_WARN_DIRECT_OBJC_ISA_USAGE = YES_ERROR;
				CLANG_WARN_DOCUMENTATION_COMMENTS = YES;
				CLANG_WARN_EMPTY_BODY = YES;
				CLANG_WARN_ENUM_CONVERSION = YES;
				CLANG_WARN_INFINITE_RECURSION = YES;
				CLANG_WARN_INT_CONVERSION = YES;
				CLANG_WARN_NON_LITERAL_NULL_CONVERSION = YES;
				CLANG_WARN_OBJC_IMPLICIT_RETAIN_SELF = YES;
				CLANG_WARN_OBJC_LITERAL_CONVERSION = YES;
				CLANG_WARN_OBJC_ROOT_CLASS = YES_ERROR;
				CLANG_WARN_QUOTED_INCLUDE_IN_FRAMEWORK_HEADER = YES;
				CLANG_WARN_RANGE_LOOP_ANALYSIS = YES;
				CLANG_WARN_STRICT_PROTOTYPES = YES;
				CLANG_WARN_SUSPICIOUS_MOVE = YES;
				CLANG_WARN_UNGUARDED_AVAILABILITY = YES_AGGRESSIVE;
				CLANG_WARN_UNREACHABLE_CODE = YES;
				CLANG_WARN__DUPLICATE_METHOD_MATCH = YES;
				COPY_PHASE_STRIP = NO;
				DEBUG_INFORMATION_FORMAT = dwarf;
				ENABLE_STRICT_OBJC_MSGSEND = YES;
				ENABLE_TESTABILITY = YES;
				GCC_C_LANGUAGE_STANDARD = gnu11;
				GCC_DYNAMIC_NO_PIC = NO;
				GCC_NO_COMMON_BLOCKS = YES;
				GCC_OPTIMIZATION_LEVEL = 0;
				GCC_PREPROCESSOR_DEFINITIONS = (
					"DEBUG=1",
					"$(inherited)",
				);
				GCC_WARN_64_TO_32_BIT_CONVERSION = YES;
				GCC_WARN_ABOUT_RETURN_TYPE = YES_ERROR;
				GCC_WARN_UNDECLARED_SELECTOR = YES;
				GCC_WARN_UNINITIALIZED_AUTOS = YES_AGGRESSIVE;
				GCC_WARN_UNUSED_FUNCTION = YES;
				GCC_WARN_UNUSED_VARIABLE = YES;
				IPHONEOS_DEPLOYMENT_TARGET = 16.4;
				MTL_ENABLE_DEBUG_INFO = INCLUDE_SOURCE;
				MTL_FAST_MATH = YES;
				ONLY_ACTIVE_ARCH = YES;
				SDKROOT = iphoneos;
				SWIFT_ACTIVE_COMPILATION_CONDITIONS = DEBUG;
				SWIFT_OPTIMIZATION_LEVEL = "-Onone";
			};
			name = Debug;
		};
		480271052A5E1F870013319D /* Release */ = {
			isa = XCBuildConfiguration;
			buildSettings = {
				ALWAYS_SEARCH_USER_PATHS = NO;
				CLANG_ANALYZER_NONNULL = YES;
				CLANG_ANALYZER_NUMBER_OBJECT_CONVERSION = YES_AGGRESSIVE;
				CLANG_CXX_LANGUAGE_STANDARD = "gnu++20";
				CLANG_ENABLE_MODULES = YES;
				CLANG_ENABLE_OBJC_ARC = YES;
				CLANG_ENABLE_OBJC_WEAK = YES;
				CLANG_WARN_BLOCK_CAPTURE_AUTORELEASING = YES;
				CLANG_WARN_BOOL_CONVERSION = YES;
				CLANG_WARN_COMMA = YES;
				CLANG_WARN_CONSTANT_CONVERSION = YES;
				CLANG_WARN_DEPRECATED_OBJC_IMPLEMENTATIONS = YES;
				CLANG_WARN_DIRECT_OBJC_ISA_USAGE = YES_ERROR;
				CLANG_WARN_DOCUMENTATION_COMMENTS = YES;
				CLANG_WARN_EMPTY_BODY = YES;
				CLANG_WARN_ENUM_CONVERSION = YES;
				CLANG_WARN_INFINITE_RECURSION = YES;
				CLANG_WARN_INT_CONVERSION = YES;
				CLANG_WARN_NON_LITERAL_NULL_CONVERSION = YES;
				CLANG_WARN_OBJC_IMPLICIT_RETAIN_SELF = YES;
				CLANG_WARN_OBJC_LITERAL_CONVERSION = YES;
				CLANG_WARN_OBJC_ROOT_CLASS = YES_ERROR;
				CLANG_WARN_QUOTED_INCLUDE_IN_FRAMEWORK_HEADER = YES;
				CLANG_WARN_RANGE_LOOP_ANALYSIS = YES;
				CLANG_WARN_STRICT_PROTOTYPES = YES;
				CLANG_WARN_SUSPICIOUS_MOVE = YES;
				CLANG_WARN_UNGUARDED_AVAILABILITY = YES_AGGRESSIVE;
				CLANG_WARN_UNREACHABLE_CODE = YES;
				CLANG_WARN__DUPLICATE_METHOD_MATCH = YES;
				COPY_PHASE_STRIP = NO;
				DEBUG_INFORMATION_FORMAT = "dwarf-with-dsym";
				ENABLE_NS_ASSERTIONS = NO;
				ENABLE_STRICT_OBJC_MSGSEND = YES;
				GCC_C_LANGUAGE_STANDARD = gnu11;
				GCC_NO_COMMON_BLOCKS = YES;
				GCC_WARN_64_TO_32_BIT_CONVERSION = YES;
				GCC_WARN_ABOUT_RETURN_TYPE = YES_ERROR;
				GCC_WARN_UNDECLARED_SELECTOR = YES;
				GCC_WARN_UNINITIALIZED_AUTOS = YES_AGGRESSIVE;
				GCC_WARN_UNUSED_FUNCTION = YES;
				GCC_WARN_UNUSED_VARIABLE = YES;
				IPHONEOS_DEPLOYMENT_TARGET = 16.4;
				MTL_ENABLE_DEBUG_INFO = NO;
				MTL_FAST_MATH = YES;
				ONLY_ACTIVE_ARCH = YES;
				SDKROOT = iphoneos;
				SWIFT_COMPILATION_MODE = wholemodule;
				SWIFT_OPTIMIZATION_LEVEL = "-O";
				VALIDATE_PRODUCT = YES;
			};
			name = Release;
		};
		480271072A5E1F870013319D /* Debug */ = {
			isa = XCBuildConfiguration;
			buildSettings = {
				ASSETCATALOG_COMPILER_APPICON_NAME = AppIcon;
				ASSETCATALOG_COMPILER_GLOBAL_ACCENT_COLOR_NAME = AccentColor;
				CODE_SIGN_STYLE = Automatic;
				CURRENT_PROJECT_VERSION = 1;
				DEVELOPMENT_ASSET_PATHS = "\"Finances/Preview Content\"";
				DEVELOPMENT_TEAM = WQ6BDDFM5B;
				ENABLE_PREVIEWS = YES;
				GENERATE_INFOPLIST_FILE = YES;
				INFOPLIST_KEY_UIApplicationSceneManifest_Generation = YES;
				INFOPLIST_KEY_UIApplicationSupportsIndirectInputEvents = YES;
				INFOPLIST_KEY_UILaunchScreen_Generation = YES;
				INFOPLIST_KEY_UISupportedInterfaceOrientations = UIInterfaceOrientationPortrait;
				INFOPLIST_KEY_UISupportedInterfaceOrientations_iPad = "UIInterfaceOrientationLandscapeLeft UIInterfaceOrientationLandscapeRight UIInterfaceOrientationPortrait UIInterfaceOrientationPortraitUpsideDown";
				LD_RUNPATH_SEARCH_PATHS = (
					"$(inherited)",
					"@executable_path/Frameworks",
				);
				MARKETING_VERSION = 1.0;
				PRODUCT_BUNDLE_IDENTIFIER = com.example.AidanKatz.Finances;
				PRODUCT_NAME = "$(TARGET_NAME)";
				SWIFT_EMIT_LOC_STRINGS = YES;
				SWIFT_VERSION = 5.0;
				TARGETED_DEVICE_FAMILY = "1,2";
			};
			name = Debug;
		};
		480271082A5E1F870013319D /* Release */ = {
			isa = XCBuildConfiguration;
			buildSettings = {
				ASSETCATALOG_COMPILER_APPICON_NAME = AppIcon;
				ASSETCATALOG_COMPILER_GLOBAL_ACCENT_COLOR_NAME = AccentColor;
				CODE_SIGN_STYLE = Automatic;
				CURRENT_PROJECT_VERSION = 1;
				DEVELOPMENT_ASSET_PATHS = "\"Finances/Preview Content\"";
				DEVELOPMENT_TEAM = WQ6BDDFM5B;
				ENABLE_PREVIEWS = YES;
				GENERATE_INFOPLIST_FILE = YES;
				INFOPLIST_KEY_UIApplicationSceneManifest_Generation = YES;
				INFOPLIST_KEY_UIApplicationSupportsIndirectInputEvents = YES;
				INFOPLIST_KEY_UILaunchScreen_Generation = YES;
				INFOPLIST_KEY_UISupportedInterfaceOrientations = UIInterfaceOrientationPortrait;
				INFOPLIST_KEY_UISupportedInterfaceOrientations_iPad = "UIInterfaceOrientationLandscapeLeft UIInterfaceOrientationLandscapeRight UIInterfaceOrientationPortrait UIInterfaceOrientationPortraitUpsideDown";
				LD_RUNPATH_SEARCH_PATHS = (
					"$(inherited)",
					"@executable_path/Frameworks",
				);
				MARKETING_VERSION = 1.0;
				PRODUCT_BUNDLE_IDENTIFIER = com.example.AidanKatz.Finances;
				PRODUCT_NAME = "$(TARGET_NAME)";
				SWIFT_EMIT_LOC_STRINGS = YES;
				SWIFT_VERSION = 5.0;
				TARGETED_DEVICE_FAMILY = "1,2";
			};
			name = Release;
		};
		4802710A2A5E1F870013319D /* Debug */ = {
			isa = XCBuildConfiguration;
			buildSettings = {
				ALWAYS_EMBED_SWIFT_STANDARD_LIBRARIES = YES;
				BUNDLE_LOADER = "$(TEST_HOST)";
				CODE_SIGN_STYLE = Automatic;
				CURRENT_PROJECT_VERSION = 1;
				DEVELOPMENT_TEAM = WQ6BDDFM5B;
				GENERATE_INFOPLIST_FILE = YES;
				IPHONEOS_DEPLOYMENT_TARGET = 16.4;
				MARKETING_VERSION = 1.0;
				PRODUCT_BUNDLE_IDENTIFIER = com.example.AidanKatz.FinancesTests;
				PRODUCT_NAME = "$(TARGET_NAME)";
				SWIFT_EMIT_LOC_STRINGS = NO;
				SWIFT_VERSION = 5.0;
				TARGETED_DEVICE_FAMILY = "1,2";
				TEST_HOST = "$(BUILT_PRODUCTS_DIR)/Finances.app/$(BUNDLE_EXECUTABLE_FOLDER_PATH)/Finances";
			};
			name = Debug;
		};
		4802710B2A5E1F870013319D /* Release */ = {
			isa = XCBuildConfiguration;
			buildSettings = {
				ALWAYS_EMBED_SWIFT_STANDARD_LIBRARIES = YES;
				BUNDLE_LOADER = "$(TEST_HOST)";
				CODE_SIGN_STYLE = Automatic;
				CURRENT_PROJECT_VERSION = 1;
				DEVELOPMENT_TEAM = WQ6BDDFM5B;
				GENERATE_INFOPLIST_FILE = YES;
				IPHONEOS_DEPLOYMENT_TARGET = 16.4;
				MARKETING_VERSION = 1.0;
				PRODUCT_BUNDLE_IDENTIFIER = com.example.AidanKatz.FinancesTests;
				PRODUCT_NAME = "$(TARGET_NAME)";
				SWIFT_EMIT_LOC_STRINGS = NO;
				SWIFT_VERSION = 5.0;
				TARGETED_DEVICE_FAMILY = "1,2";
				TEST_HOST = "$(BUILT_PRODUCTS_DIR)/Finances.app/$(BUNDLE_EXECUTABLE_FOLDER_PATH)/Finances";
			};
			name = Release;
		};
		4802710D2A5E1F870013319D /* Debug */ = {
			isa = XCBuildConfiguration;
			buildSettings = {
				ALWAYS_EMBED_SWIFT_STANDARD_LIBRARIES = YES;
				CODE_SIGN_STYLE = Automatic;
				CURRENT_PROJECT_VERSION = 1;
				DEVELOPMENT_TEAM = WQ6BDDFM5B;
				GENERATE_INFOPLIST_FILE = YES;
				MARKETING_VERSION = 1.0;
				PRODUCT_BUNDLE_IDENTIFIER = com.example.AidanKatz.FinancesUITests;
				PRODUCT_NAME = "$(TARGET_NAME)";
				SWIFT_EMIT_LOC_STRINGS = NO;
				SWIFT_VERSION = 5.0;
				TARGETED_DEVICE_FAMILY = "1,2";
				TEST_TARGET_NAME = Finances;
			};
			name = Debug;
		};
		4802710E2A5E1F870013319D /* Release */ = {
			isa = XCBuildConfiguration;
			buildSettings = {
				ALWAYS_EMBED_SWIFT_STANDARD_LIBRARIES = YES;
				CODE_SIGN_STYLE = Automatic;
				CURRENT_PROJECT_VERSION = 1;
				DEVELOPMENT_TEAM = WQ6BDDFM5B;
				GENERATE_INFOPLIST_FILE = YES;
				MARKETING_VERSION = 1.0;
				PRODUCT_BUNDLE_IDENTIFIER = com.example.AidanKatz.FinancesUITests;
				PRODUCT_NAME = "$(TARGET_NAME)";
				SWIFT_EMIT_LOC_STRINGS = NO;
				SWIFT_VERSION = 5.0;
				TARGETED_DEVICE_FAMILY = "1,2";
				TEST_TARGET_NAME = Finances;
			};
			name = Release;
		};
/* End XCBuildConfiguration section */

/* Begin XCConfigurationList section */
		480270DD2A5E1F830013319D /* Build configuration list for PBXProject "Finances" */ = {
			isa = XCConfigurationList;
			buildConfigurations = (
				480271042A5E1F870013319D /* Debug */,
				480271052A5E1F870013319D /* Release */,
			);
			defaultConfigurationIsVisible = 0;
			defaultConfigurationName = Release;
		};
		480271062A5E1F870013319D /* Build configuration list for PBXNativeTarget "Finances" */ = {
			isa = XCConfigurationList;
			buildConfigurations = (
				480271072A5E1F870013319D /* Debug */,
				480271082A5E1F870013319D /* Release */,
			);
			defaultConfigurationIsVisible = 0;
			defaultConfigurationName = Release;
		};
		480271092A5E1F870013319D /* Build configuration list for PBXNativeTarget "FinancesTests" */ = {
			isa = XCConfigurationList;
			buildConfigurations = (
				4802710A2A5E1F870013319D /* Debug */,
				4802710B2A5E1F870013319D /* Release */,
			);
			defaultConfigurationIsVisible = 0;
			defaultConfigurationName = Release;
		};
		4802710C2A5E1F870013319D /* Build configuration list for PBXNativeTarget "FinancesUITests" */ = {
			isa = XCConfigurationList;
			buildConfigurations = (
				4802710D2A5E1F870013319D /* Debug */,
				4802710E2A5E1F870013319D /* Release */,
			);
			defaultConfigurationIsVisible = 0;
			defaultConfigurationName = Release;
		};
/* End XCConfigurationList section */

/* Begin XCVersionGroup section */
		488BEF682A5FAB450044B662 /* Model.xcdatamodeld */ = {
			isa = XCVersionGroup;
			children = (
				488BEF692A5FAB450044B662 /* Model.xcdatamodel */,
			);
			currentVersion = 488BEF692A5FAB450044B662 /* Model.xcdatamodel */;
			path = Model.xcdatamodeld;
			sourceTree = "<group>";
			versionGroupType = wrapper.xcdatamodel;
		};
/* End XCVersionGroup section */
	};
	rootObject = 480270DA2A5E1F830013319D /* Project object */;
}
